
Microsoft Visual Studio Solution File, Format Version 12.00
# Visual Studio 2012
Project("{FAE04EC0-301F-11D3-BF4B-00C04F79EFBC}") = "InternetStoreMVC", "InternetStoreMVC\InternetStoreMVC.csproj", "{09C3A245-F1AF-4778-9C79-969213D76990}"
EndProject
Global
	GlobalSection(SolutionConfigurationPlatforms) = preSolution
		Debug|Any CPU = Debug|Any CPU
		Release|Any CPU = Release|Any CPU
	EndGlobalSection
	GlobalSection(ProjectConfigurationPlatforms) = postSolution
		{09C3A245-F1AF-4778-9C79-969213D76990}.Debug|Any CPU.ActiveCfg = Debug|Any CPU
		{09C3A245-F1AF-4778-9C79-969213D76990}.Debug|Any CPU.Build.0 = Debug|Any CPU
		{09C3A245-F1AF-4778-9C79-969213D76990}.Release|Any CPU.ActiveCfg = Release|Any CPU
		{09C3A245-F1AF-4778-9C79-969213D76990}.Release|Any CPU.Build.0 = Release|Any CPU
	EndGlobalSection
EndGlobal
