
Microsoft Visual Studio Solution File, Format Version 12.00
# Visual Studio Version 16
VisualStudioVersion = 16.0.28531.58
MinimumVisualStudioVersion = 10.0.40219.1
Project("{FAE04EC0-301F-11D3-BF4B-00C04F79EFBC}") = "AlgorithmicThingies", "AlgorithmicThingies\AlgorithmicThingies.csproj", "{FE69CE4E-4B25-4825-B0AC-45381AC98AE9}"
EndProject
Global
	GlobalSection(SolutionConfigurationPlatforms) = preSolution
		Debug|Any CPU = Debug|Any CPU
		Release|Any CPU = Release|Any CPU
	EndGlobalSection
	GlobalSection(ProjectConfigurationPlatforms) = postSolution
		{FE69CE4E-4B25-4825-B0AC-45381AC98AE9}.Debug|Any CPU.ActiveCfg = Debug|Any CPU
		{FE69CE4E-4B25-4825-B0AC-45381AC98AE9}.Debug|Any CPU.Build.0 = Debug|Any CPU
		{FE69CE4E-4B25-4825-B0AC-45381AC98AE9}.Release|Any CPU.ActiveCfg = Release|Any CPU
		{FE69CE4E-4B25-4825-B0AC-45381AC98AE9}.Release|Any CPU.Build.0 = Release|Any CPU
	EndGlobalSection
	GlobalSection(SolutionProperties) = preSolution
		HideSolutionNode = FALSE
	EndGlobalSection
	GlobalSection(ExtensibilityGlobals) = postSolution
		SolutionGuid = {DBC8A24D-7BF9-452F-88E8-25B038908F6E}
	EndGlobalSection
EndGlobal
